// !$*UTF8*$!
{
	archiveVersion = 1;
	classes = {
	};
	objectVersion = 46;
	objects = {

/* Begin PBXBuildFile section */
		F292CD6A1CDCD3F800AA1E67 /* ImageViewController.swift in Sources */ = {isa = PBXBuildFile; fileRef = F292CD691CDCD3F800AA1E67 /* ImageViewController.swift */; };
		F292CD6C1CE25AB900AA1E67 /* DetailViewController.swift in Sources */ = {isa = PBXBuildFile; fileRef = F292CD6B1CE25AB900AA1E67 /* DetailViewController.swift */; };
		F29BDE9B1CDCB0A100309891 /* AppDelegate.swift in Sources */ = {isa = PBXBuildFile; fileRef = F29BDE9A1CDCB0A100309891 /* AppDelegate.swift */; };
		F29BDE9D1CDCB0A100309891 /* ViewController.swift in Sources */ = {isa = PBXBuildFile; fileRef = F29BDE9C1CDCB0A100309891 /* ViewController.swift */; };
		F29BDEA01CDCB0A100309891 /* Main.storyboard in Resources */ = {isa = PBXBuildFile; fileRef = F29BDE9E1CDCB0A100309891 /* Main.storyboard */; };
		F29BDEA21CDCB0A100309891 /* Assets.xcassets in Resources */ = {isa = PBXBuildFile; fileRef = F29BDEA11CDCB0A100309891 /* Assets.xcassets */; };
		F29BDEA51CDCB0A100309891 /* LaunchScreen.storyboard in Resources */ = {isa = PBXBuildFile; fileRef = F29BDEA31CDCB0A100309891 /* LaunchScreen.storyboard */; };
/* End PBXBuildFile section */

/* Begin PBXFileReference section */
		F292CD691CDCD3F800AA1E67 /* ImageViewController.swift */ = {isa = PBXFileReference; fileEncoding = 4; lastKnownFileType = sourcecode.swift; path = ImageViewController.swift; sourceTree = "<group>"; };
		F292CD6B1CE25AB900AA1E67 /* DetailViewController.swift */ = {isa = PBXFileReference; fileEncoding = 4; lastKnownFileType = sourcecode.swift; path = DetailViewController.swift; sourceTree = "<group>"; };
		F29BDE971CDCB0A100309891 /* Selfies.app */ = {isa = PBXFileReference; explicitFileType = wrapper.application; includeInIndex = 0; path = Selfies.app; sourceTree = BUILT_PRODUCTS_DIR; };
		F29BDE9A1CDCB0A100309891 /* AppDelegate.swift */ = {isa = PBXFileReference; lastKnownFileType = sourcecode.swift; path = AppDelegate.swift; sourceTree = "<group>"; };
		F29BDE9C1CDCB0A100309891 /* ViewController.swift */ = {isa = PBXFileReference; lastKnownFileType = sourcecode.swift; path = ViewController.swift; sourceTree = "<group>"; };
		F29BDE9F1CDCB0A100309891 /* Base */ = {isa = PBXFileReference; lastKnownFileType = file.storyboard; name = Base; path = Base.lproj/Main.storyboard; sourceTree = "<group>"; };
		F29BDEA11CDCB0A100309891 /* Assets.xcassets */ = {isa = PBXFileReference; lastKnownFileType = folder.assetcatalog; path = Assets.xcassets; sourceTree = "<group>"; };
		F29BDEA41CDCB0A100309891 /* Base */ = {isa = PBXFileReference; lastKnownFileType = file.storyboard; name = Base; path = Base.lproj/LaunchScreen.storyboard; sourceTree = "<group>"; };
		F29BDEA61CDCB0A100309891 /* Info.plist */ = {isa = PBXFileReference; lastKnownFileType = text.plist.xml; path = Info.plist; sourceTree = "<group>"; };
/* End PBXFileReference section */

/* Begin PBXFrameworksBuildPhase section */
		F29BDE941CDCB0A100309891 /* Frameworks */ = {
			isa = PBXFrameworksBuildPhase;
			buildActionMask = 2147483647;
			files = (
			);
			runOnlyForDeploymentPostprocessing = 0;
		};
/* End PBXFrameworksBuildPhase section */

/* Begin PBXGroup section */
		F29BDE8E1CDCB0A100309891 = {
			isa = PBXGroup;
			children = (
				F29BDE991CDCB0A100309891 /* Selfies */,
				F29BDE981CDCB0A100309891 /* Products */,
			);
			sourceTree = "<group>";
		};
		F29BDE981CDCB0A100309891 /* Products */ = {
			isa = PBXGroup;
			children = (
				F29BDE971CDCB0A100309891 /* Selfies.app */,
			);
			name = Products;
			sourceTree = "<group>";
		};
		F29BDE991CDCB0A100309891 /* Selfies */ = {
			isa = PBXGroup;
			children = (
				F29BDE9A1CDCB0A100309891 /* AppDelegate.swift */,
				F29BDE9C1CDCB0A100309891 /* ViewController.swift */,
				F29BDE9E1CDCB0A100309891 /* Main.storyboard */,
				F29BDEA11CDCB0A100309891 /* Assets.xcassets */,
				F29BDEA31CDCB0A100309891 /* LaunchScreen.storyboard */,
				F29BDEA61CDCB0A100309891 /* Info.plist */,
				F292CD691CDCD3F800AA1E67 /* ImageViewController.swift */,
				F292CD6B1CE25AB900AA1E67 /* DetailViewController.swift */,
			);
			path = Selfies;
			sourceTree = "<group>";
		};
/* End PBXGroup section */

/* Begin PBXNativeTarget section */
		F29BDE961CDCB0A100309891 /* Selfies */ = {
			isa = PBXNativeTarget;
			buildConfigurationList = F29BDEA91CDCB0A100309891 /* Build configuration list for PBXNativeTarget "Selfies" */;
			buildPhases = (
				F29BDE931CDCB0A100309891 /* Sources */,
				F29BDE941CDCB0A100309891 /* Frameworks */,
				F29BDE951CDCB0A100309891 /* Resources */,
			);
			buildRules = (
			);
			dependencies = (
			);
			name = Selfies;
			productName = Selfies;
			productReference = F29BDE971CDCB0A100309891 /* Selfies.app */;
			productType = "com.apple.product-type.application";
		};
/* End PBXNativeTarget section */

/* Begin PBXProject section */
		F29BDE8F1CDCB0A100309891 /* Project object */ = {
			isa = PBXProject;
			attributes = {
				LastSwiftUpdateCheck = 0730;
				LastUpgradeCheck = 0730;
				ORGANIZATIONNAME = "Samir Uzunovic";
				TargetAttributes = {
					F29BDE961CDCB0A100309891 = {
						CreatedOnToolsVersion = 7.3;
					};
				};
			};
			buildConfigurationList = F29BDE921CDCB0A100309891 /* Build configuration list for PBXProject "Selfies" */;
			compatibilityVersion = "Xcode 3.2";
			developmentRegion = English;
			hasScannedForEncodings = 0;
			knownRegions = (
				en,
				Base,
			);
			mainGroup = F29BDE8E1CDCB0A100309891;
			productRefGroup = F29BDE981CDCB0A100309891 /* Products */;
			projectDirPath = "";
			projectRoot = "";
			targets = (
				F29BDE961CDCB0A100309891 /* Selfies */,
			);
		};
/* End PBXProject section */

/* Begin PBXResourcesBuildPhase section */
		F29BDE951CDCB0A100309891 /* Resources */ = {
			isa = PBXResourcesBuildPhase;
			buildActionMask = 2147483647;
			files = (
				F29BDEA51CDCB0A100309891 /* LaunchScreen.storyboard in Resources */,
				F29BDEA21CDCB0A100309891 /* Assets.xcassets in Resources */,
				F29BDEA01CDCB0A100309891 /* Main.storyboard in Resources */,
			);
			runOnlyForDeploymentPostprocessing = 0;
		};
/* End PBXResourcesBuildPhase section */

/* Begin PBXSourcesBuildPhase section */
		F29BDE931CDCB0A100309891 /* Sources */ = {
			isa = PBXSourcesBuildPhase;
			buildActionMask = 2147483647;
			files = (
				F292CD6A1CDCD3F800AA1E67 /* ImageViewController.swift in Sources */,
				F29BDE9D1CDCB0A100309891 /* ViewController.swift in Sources */,
				F29BDE9B1CDCB0A100309891 /* AppDelegate.swift in Sources */,
				F292CD6C1CE25AB900AA1E67 /* DetailViewController.swift in Sources */,
			);
			runOnlyForDeploymentPostprocessing = 0;
		};
/* End PBXSourcesBuildPhase section */

/* Begin PBXVariantGroup section */
		F29BDE9E1CDCB0A100309891 /* Main.storyboard */ = {
			isa = PBXVariantGroup;
			children = (
				F29BDE9F1CDCB0A100309891 /* Base */,
			);
			name = Main.storyboard;
			sourceTree = "<group>";
		};
		F29BDEA31CDCB0A100309891 /* LaunchScreen.storyboard */ = {
			isa = PBXVariantGroup;
			children = (
				F29BDEA41CDCB0A100309891 /* Base */,
			);
			name = LaunchScreen.storyboard;
			sourceTree = "<group>";
		};
/* End PBXVariantGroup section */

/* Begin XCBuildConfiguration section */
		F29BDEA71CDCB0A100309891 /* Debug */ = {
			isa = XCBuildConfiguration;
			buildSettings = {
				ALWAYS_SEARCH_USER_PATHS = NO;
				CLANG_ANALYZER_NONNULL = YES;
				CLANG_CXX_LANGUAGE_STANDARD = "gnu++0x";
				CLANG_CXX_LIBRARY = "libc++";
				CLANG_ENABLE_MODULES = YES;
				CLANG_ENABLE_OBJC_ARC = YES;
				CLANG_WARN_BOOL_CONVERSION = YES;
				CLANG_WARN_CONSTANT_CONVERSION = YES;
				CLANG_WARN_DIRECT_OBJC_ISA_USAGE = YES_ERROR;
				CLANG_WARN_EMPTY_BODY = YES;
				CLANG_WARN_ENUM_CONVERSION = YES;
				CLANG_WARN_INT_CONVERSION = YES;
				CLANG_WARN_OBJC_ROOT_CLASS = YES_ERROR;
				CLANG_WARN_UNREACHABLE_CODE = YES;
				CLANG_WARN__DUPLICATE_METHOD_MATCH = YES;
				"CODE_SIGN_IDENTITY[sdk=iphoneos*]" = "iPhone Developer";
				COPY_PHASE_STRIP = NO;
				DEBUG_INFORMATION_FORMAT = dwarf;
				ENABLE_STRICT_OBJC_MSGSEND = YES;
				ENABLE_TESTABILITY = YES;
				GCC_C_LANGUAGE_STANDARD = gnu99;
				GCC_DYNAMIC_NO_PIC = NO;
				GCC_NO_COMMON_BLOCKS = YES;
				GCC_OPTIMIZATION_LEVEL = 0;
				GCC_PREPROCESSOR_DEFINITIONS = (
					"DEBUG=1",
					"$(inherited)",
				);
				GCC_WARN_64_TO_32_BIT_CONVERSION = YES;
				GCC_WARN_ABOUT_RETURN_TYPE = YES_ERROR;
				GCC_WARN_UNDECLARED_SELECTOR = YES;
				GCC_WARN_UNINITIALIZED_AUTOS = YES_AGGRESSIVE;
				GCC_WARN_UNUSED_FUNCTION = YES;
				GCC_WARN_UNUSED_VARIABLE = YES;
				IPHONEOS_DEPLOYMENT_TARGET = 9.3;
				MTL_ENABLE_DEBUG_INFO = YES;
				ONLY_ACTIVE_ARCH = YES;
				SDKROOT = iphoneos;
				SWIFT_OPTIMIZATION_LEVEL = "-Onone";
				TARGETED_DEVICE_FAMILY = "1,2";
			};
			name = Debug;
		};
		F29BDEA81CDCB0A100309891 /* Release */ = {
			isa = XCBuildConfiguration;
			buildSettings = {
				ALWAYS_SEARCH_USER_PATHS = NO;
				CLANG_ANALYZER_NONNULL = YES;
				CLANG_CXX_LANGUAGE_STANDARD = "gnu++0x";
				CLANG_CXX_LIBRARY = "libc++";
				CLANG_ENABLE_MODULES = YES;
				CLANG_ENABLE_OBJC_ARC = YES;
				CLANG_WARN_BOOL_CONVERSION = YES;
				CLANG_WARN_CONSTANT_CONVERSION = YES;
				CLANG_WARN_DIRECT_OBJC_ISA_USAGE = YES_ERROR;
				CLANG_WARN_EMPTY_BODY = YES;
				CLANG_WARN_ENUM_CONVERSION = YES;
				CLANG_WARN_INT_CONVERSION = YES;
				CLANG_WARN_OBJC_ROOT_CLASS = YES_ERROR;
				CLANG_WARN_UNREACHABLE_CODE = YES;
				CLANG_WARN__DUPLICATE_METHOD_MATCH = YES;
				"CODE_SIGN_IDENTITY[sdk=iphoneos*]" = "iPhone Developer";
				COPY_PHASE_STRIP = NO;
				DEBUG_INFORMATION_FORMAT = "dwarf-with-dsym";
				ENABLE_NS_ASSERTIONS = NO;
				ENABLE_STRICT_OBJC_MSGSEND = YES;
				GCC_C_LANGUAGE_STANDARD = gnu99;
				GCC_NO_COMMON_BLOCKS = YES;
				GCC_WARN_64_TO_32_BIT_CONVERSION = YES;
				GCC_WARN_ABOUT_RETURN_TYPE = YES_ERROR;
				GCC_WARN_UNDECLARED_SELECTOR = YES;
				GCC_WARN_UNINITIALIZED_AUTOS = YES_AGGRESSIVE;
				GCC_WARN_UNUSED_FUNCTION = YES;
				GCC_WARN_UNUSED_VARIABLE = YES;
				IPHONEOS_DEPLOYMENT_TARGET = 9.3;
				MTL_ENABLE_DEBUG_INFO = NO;
				SDKROOT = iphoneos;
				TARGETED_DEVICE_FAMILY = "1,2";
				VALIDATE_PRODUCT = YES;
			};
			name = Release;
		};
		F29BDEAA1CDCB0A100309891 /* Debug */ = {
			isa = XCBuildConfiguration;
			buildSettings = {
				ASSETCATALOG_COMPILER_APPICON_NAME = AppIcon;
				INFOPLIST_FILE = Selfies/Info.plist;
				LD_RUNPATH_SEARCH_PATHS = "$(inherited) @executable_path/Frameworks";
				PRODUCT_BUNDLE_IDENTIFIER = samir.Selfies;
				PRODUCT_NAME = "$(TARGET_NAME)";
			};
			name = Debug;
		};
		F29BDEAB1CDCB0A100309891 /* Release */ = {
			isa = XCBuildConfiguration;
			buildSettings = {
				ASSETCATALOG_COMPILER_APPICON_NAME = AppIcon;
				INFOPLIST_FILE = Selfies/Info.plist;
				LD_RUNPATH_SEARCH_PATHS = "$(inherited) @executable_path/Frameworks";
				PRODUCT_BUNDLE_IDENTIFIER = samir.Selfies;
				PRODUCT_NAME = "$(TARGET_NAME)";
			};
			name = Release;
		};
/* End XCBuildConfiguration section */

/* Begin XCConfigurationList section */
		F29BDE921CDCB0A100309891 /* Build configuration list for PBXProject "Selfies" */ = {
			isa = XCConfigurationList;
			buildConfigurations = (
				F29BDEA71CDCB0A100309891 /* Debug */,
				F29BDEA81CDCB0A100309891 /* Release */,
			);
			defaultConfigurationIsVisible = 0;
			defaultConfigurationName = Release;
		};
		F29BDEA91CDCB0A100309891 /* Build configuration list for PBXNativeTarget "Selfies" */ = {
			isa = XCConfigurationList;
			buildConfigurations = (
				F29BDEAA1CDCB0A100309891 /* Debug */,
				F29BDEAB1CDCB0A100309891 /* Release */,
			);
			defaultConfigurationIsVisible = 0;
			defaultConfigurationName = Release;
		};
/* End XCConfigurationList section */
	};
	rootObject = F29BDE8F1CDCB0A100309891 /* Project object */;
}
